
Microsoft Visual Studio Solution File, Format Version 12.00
# Visual Studio Version 16
VisualStudioVersion = 16.0.29519.87
MinimumVisualStudioVersion = 10.0.40219.1
Project("{FAE04EC0-301F-11D3-BF4B-00C04F79EFBC}") = "PMigrate", "PMigrate\PMigrate.csproj", "{F9E54D95-B0E3-43CD-867A-55801A2EB4A6}"
EndProject
Global
	GlobalSection(SolutionConfigurationPlatforms) = preSolution
		Debug|Any CPU = Debug|Any CPU
		Release|Any CPU = Release|Any CPU
	EndGlobalSection
	GlobalSection(ProjectConfigurationPlatforms) = postSolution
		{F9E54D95-B0E3-43CD-867A-55801A2EB4A6}.Debug|Any CPU.ActiveCfg = Debug|Any CPU
		{F9E54D95-B0E3-43CD-867A-55801A2EB4A6}.Debug|Any CPU.Build.0 = Debug|Any CPU
		{F9E54D95-B0E3-43CD-867A-55801A2EB4A6}.Release|Any CPU.ActiveCfg = Release|Any CPU
		{F9E54D95-B0E3-43CD-867A-55801A2EB4A6}.Release|Any CPU.Build.0 = Release|Any CPU
	EndGlobalSection
	GlobalSection(SolutionProperties) = preSolution
		HideSolutionNode = FALSE
	EndGlobalSection
	GlobalSection(ExtensibilityGlobals) = postSolution
		SolutionGuid = {28E7A592-1769-41BE-9DCE-B48F224748B6}
	EndGlobalSection
EndGlobal
